# This file is generated by running "yarn install" inside your project.
# Manual changes might be lost - proceed with caution!

__metadata:
  version: 6
  cacheKey: 8

"@supercharge/promise-pool@npm:^2.1.0":
  version: 2.1.0
  resolution: "@supercharge/promise-pool@npm:2.1.0"
  checksum: e2a52312f026c0bea965d7e2e776b156ffa900ed110669afcb179f306af0ee73c9e151046f1e34e02b48e96b7ee990befeeca40cc585049f25d6adbf7692d494
  languageName: node
  linkType: hard

"@weavery/clarity@npm:^0.1.5":
  version: 0.1.5
  resolution: "@weavery/clarity@npm:0.1.5"
  checksum: d2d9d49417a5250607356faec826b256319af3355f81bdee78df115e33f7be276e996a2c3acb223c5fee0c0cb38ea2129eaf655669c49f53851ca01ea47c9fdf
  languageName: node
  linkType: hard

"arconnect@npm:^0.2.8, arconnect@npm:^0.2.9":
  version: 0.2.9
  resolution: "arconnect@npm:0.2.9"
  dependencies:
    arweave: ^1.10.13
  checksum: 19b0a7f62d9219dec6637675b92c34c73beb93cb2fc2d8d1602e8610c2f3c61aae33b4c0f7c15699d20ed51808ca8c3f6068285057e7f7f2c2cfdf2b288f9019
  languageName: node
  linkType: hard

"arlocal-helper@workspace:.":
  version: 0.0.0-use.local
  resolution: "arlocal-helper@workspace:."
  dependencies:
    arlocal-sweets: ^1.0.1
    arweave: ^1.10.23
  languageName: unknown
  linkType: soft

"arlocal-sweets@npm:^1.0.1":
  version: 1.0.1
  resolution: "arlocal-sweets@npm:1.0.1"
  dependencies:
    "@supercharge/promise-pool": ^2.1.0
    arweave: ^1.10.23
    blockweave: ^1.0.17
  checksum: 8a6157a1830324110a47a873259a5c049d1c130c0c40f9a85ccdeddecffe4461f06063d44ea7500a4aa0f7cc4e9b9a9e0e59cc7e132b364a0d48ea6ad616bfef
  languageName: node
  linkType: hard

"arweave-multihost@npm:^0.1.0":
  version: 0.1.0
  resolution: "arweave-multihost@npm:0.1.0"
  dependencies:
    arweave: ^1.10.15
    axios: ^0.21.1
  checksum: 149959458a348c06b58d642bcdb3227a54cd9d9d41a8e304b4b35b3bfb49629cf79d79610fc185b0dd112d28180e7318ed91c5bbb6092ce67bf91207527b2542
  languageName: node
  linkType: hard

"arweave@npm:^1.10.13, arweave@npm:^1.10.15, arweave@npm:^1.10.16, arweave@npm:^1.10.23":
  version: 1.10.23
  resolution: "arweave@npm:1.10.23"
  dependencies:
    arconnect: ^0.2.8
    asn1.js: ^5.4.1
    axios: ^0.22.0
    base64-js: ^1.3.1
    bignumber.js: ^9.0.1
    util: ^0.12.4
  checksum: f9578935870ba0cce93822107d3eabcc266c2ae7f3a00c6ba12f4074ded88d1a5176b7547387ffc44c591cc984ddb8ec221891c2c49d887790009e7f69473bb6
  languageName: node
  linkType: hard

"asn1.js@npm:^5.4.1":
  version: 5.4.1
  resolution: "asn1.js@npm:5.4.1"
  dependencies:
    bn.js: ^4.0.0
    inherits: ^2.0.1
    minimalistic-assert: ^1.0.0
    safer-buffer: ^2.1.0
  checksum: 3786a101ac6f304bd4e9a7df79549a7561950a13d4bcaec0c7790d44c80d147c1a94ba3d4e663673406064642a40b23fcd6c82a9952468e386c1a1376d747f9a
  languageName: node
  linkType: hard

"available-typed-arrays@npm:^1.0.5":
  version: 1.0.5
  resolution: "available-typed-arrays@npm:1.0.5"
  checksum: 20eb47b3cefd7db027b9bbb993c658abd36d4edd3fe1060e83699a03ee275b0c9b216cc076ff3f2db29073225fb70e7613987af14269ac1fe2a19803ccc97f1a
  languageName: node
  linkType: hard

"axios@npm:^0.21.1, axios@npm:^0.21.4":
  version: 0.21.4
  resolution: "axios@npm:0.21.4"
  dependencies:
    follow-redirects: ^1.14.0
  checksum: 44245f24ac971e7458f3120c92f9d66d1fc695e8b97019139de5b0cc65d9b8104647db01e5f46917728edfc0cfd88eb30fc4c55e6053eef4ace76768ce95ff3c
  languageName: node
  linkType: hard

"axios@npm:^0.22.0":
  version: 0.22.0
  resolution: "axios@npm:0.22.0"
  dependencies:
    follow-redirects: ^1.14.4
  checksum: 83dc4d02e180f69aa9f0d1d0d50b84ec3603517230d58b4c3720ebd440c7e64ea86c5e892dc6e19061608e8e1103504a709d8baa4051c4b7652101b523d04b63
  languageName: node
  linkType: hard

"base64-js@npm:^1.3.1":
  version: 1.5.1
  resolution: "base64-js@npm:1.5.1"
  checksum: 669632eb3745404c2f822a18fc3a0122d2f9a7a13f7fb8b5823ee19d1d2ff9ee5b52c53367176ea4ad093c332fd5ab4bd0ebae5a8e27917a4105a4cfc86b1005
  languageName: node
  linkType: hard

"bignumber.js@npm:^9.0.1":
  version: 9.0.2
  resolution: "bignumber.js@npm:9.0.2"
  checksum: 8637b71d0a99104b20413c47578953970006fec6b4df796b9dcfd9835ea9c402ea0e727eba9a5ca9f9a393c1d88b6168c5bbe0887598b708d4f8b4870ad62e1f
  languageName: node
  linkType: hard

"blockweave@npm:^1.0.17":
  version: 1.0.17
  resolution: "blockweave@npm:1.0.17"
  dependencies:
    arconnect: ^0.2.9
    axios: ^0.21.4
    bignumber.js: ^9.0.1
    redstone-smartweave: ^0.3.10-alpha.3
    util: ^0.12.4
  checksum: 9399337e8dfc33c7a805ea90661b02765c8a8c018ae485b6c5b81116ad9d3cedb5dc25eb1967bf4c1805ac05f07e08da4de7ae5c6c04eab5ef69b3abba74bf3f
  languageName: node
  linkType: hard

"bn.js@npm:^4.0.0":
  version: 4.12.0
  resolution: "bn.js@npm:4.12.0"
  checksum: 39afb4f15f4ea537b55eaf1446c896af28ac948fdcf47171961475724d1bb65118cca49fa6e3d67706e4790955ec0e74de584e45c8f1ef89f46c812bee5b5a12
  languageName: node
  linkType: hard

"bson@npm:^4.5.0":
  version: 4.6.3
  resolution: "bson@npm:4.6.3"
  dependencies:
    buffer: ^5.6.0
  checksum: da99222fc14842ce3e693c8bcda5592b43816795c312c57cff8ee11172965e757c4227543234f8fa3469d621e213d86cdd8f8759d6c67a64b971416f850f833c
  languageName: node
  linkType: hard

"buffer-from@npm:^1.0.0":
  version: 1.1.2
  resolution: "buffer-from@npm:1.1.2"
  checksum: 0448524a562b37d4d7ed9efd91685a5b77a50672c556ea254ac9a6d30e3403a517d8981f10e565db24e8339413b43c97ca2951f10e399c6125a0d8911f5679bb
  languageName: node
  linkType: hard

"buffer@npm:^5.6.0":
  version: 5.7.1
  resolution: "buffer@npm:5.7.1"
  dependencies:
    base64-js: ^1.3.1
    ieee754: ^1.1.13
  checksum: e2cf8429e1c4c7b8cbd30834ac09bd61da46ce35f5c22a78e6c2f04497d6d25541b16881e30a019c6fd3154150650ccee27a308eff3e26229d788bbdeb08ab84
  languageName: node
  linkType: hard

"call-bind@npm:^1.0.0, call-bind@npm:^1.0.2":
  version: 1.0.2
  resolution: "call-bind@npm:1.0.2"
  dependencies:
    function-bind: ^1.1.1
    get-intrinsic: ^1.0.2
  checksum: f8e31de9d19988a4b80f3e704788c4a2d6b6f3d17cfec4f57dc29ced450c53a49270dc66bf0fbd693329ee948dd33e6c90a329519aef17474a4d961e8d6426b0
  languageName: node
  linkType: hard

"define-properties@npm:^1.1.3":
  version: 1.1.4
  resolution: "define-properties@npm:1.1.4"
  dependencies:
    has-property-descriptors: ^1.0.0
    object-keys: ^1.1.1
  checksum: ce0aef3f9eb193562b5cfb79b2d2c86b6a109dfc9fdcb5f45d680631a1a908c06824ddcdb72b7573b54e26ace07f0a23420aaba0d5c627b34d2c1de8ef527e2b
  languageName: node
  linkType: hard

"es-abstract@npm:^1.18.5":
  version: 1.19.5
  resolution: "es-abstract@npm:1.19.5"
  dependencies:
    call-bind: ^1.0.2
    es-to-primitive: ^1.2.1
    function-bind: ^1.1.1
    get-intrinsic: ^1.1.1
    get-symbol-description: ^1.0.0
    has: ^1.0.3
    has-symbols: ^1.0.3
    internal-slot: ^1.0.3
    is-callable: ^1.2.4
    is-negative-zero: ^2.0.2
    is-regex: ^1.1.4
    is-shared-array-buffer: ^1.0.2
    is-string: ^1.0.7
    is-weakref: ^1.0.2
    object-inspect: ^1.12.0
    object-keys: ^1.1.1
    object.assign: ^4.1.2
    string.prototype.trimend: ^1.0.4
    string.prototype.trimstart: ^1.0.4
    unbox-primitive: ^1.0.1
  checksum: 55199b0f179a12b3b0ec9c9f2e3a27a7561686e4f88d46f9ef32c836448a336e367c14d8f792612fc83a64113896e478259e4dffbbcffb3efdd06650f6360324
  languageName: node
  linkType: hard

"es-to-primitive@npm:^1.2.1":
  version: 1.2.1
  resolution: "es-to-primitive@npm:1.2.1"
  dependencies:
    is-callable: ^1.1.4
    is-date-object: ^1.0.1
    is-symbol: ^1.0.2
  checksum: 4ead6671a2c1402619bdd77f3503991232ca15e17e46222b0a41a5d81aebc8740a77822f5b3c965008e631153e9ef0580540007744521e72de8e33599fca2eed
  languageName: node
  linkType: hard

"follow-redirects@npm:^1.14.0, follow-redirects@npm:^1.14.4":
  version: 1.14.9
  resolution: "follow-redirects@npm:1.14.9"
  peerDependenciesMeta:
    debug:
      optional: true
  checksum: f5982e0eb481818642492d3ca35a86989c98af1128b8e1a62911a3410621bc15d2b079e8170b35b19d3bdee770b73ed431a257ed86195af773771145baa57845
  languageName: node
  linkType: hard

"foreach@npm:^2.0.5":
  version: 2.0.5
  resolution: "foreach@npm:2.0.5"
  checksum: dab4fbfef0b40b69ee5eab81bcb9626b8fa8b3469c8cfa26480f3e5e1ee08c40eae07048c9a967c65aeda26e774511ccc70b3f10a604c01753c6ef24361f0fc8
  languageName: node
  linkType: hard

"function-bind@npm:^1.1.1":
  version: 1.1.1
  resolution: "function-bind@npm:1.1.1"
  checksum: b32fbaebb3f8ec4969f033073b43f5c8befbb58f1a79e12f1d7490358150359ebd92f49e72ff0144f65f2c48ea2a605bff2d07965f548f6474fd8efd95bf361a
  languageName: node
  linkType: hard

"get-intrinsic@npm:^1.0.2, get-intrinsic@npm:^1.1.0, get-intrinsic@npm:^1.1.1":
  version: 1.1.1
  resolution: "get-intrinsic@npm:1.1.1"
  dependencies:
    function-bind: ^1.1.1
    has: ^1.0.3
    has-symbols: ^1.0.1
  checksum: a9fe2ca8fa3f07f9b0d30fb202bcd01f3d9b9b6b732452e79c48e79f7d6d8d003af3f9e38514250e3553fdc83c61650851cb6870832ac89deaaceb08e3721a17
  languageName: node
  linkType: hard

"get-symbol-description@npm:^1.0.0":
  version: 1.0.0
  resolution: "get-symbol-description@npm:1.0.0"
  dependencies:
    call-bind: ^1.0.2
    get-intrinsic: ^1.1.1
  checksum: 9ceff8fe968f9270a37a1f73bf3f1f7bda69ca80f4f80850670e0e7b9444ff99323f7ac52f96567f8b5f5fbe7ac717a0d81d3407c7313e82810c6199446a5247
  languageName: node
  linkType: hard

"has-bigints@npm:^1.0.1":
  version: 1.0.2
  resolution: "has-bigints@npm:1.0.2"
  checksum: 390e31e7be7e5c6fe68b81babb73dfc35d413604d7ee5f56da101417027a4b4ce6a27e46eff97ad040c835b5d228676eae99a9b5c3bc0e23c8e81a49241ff45b
  languageName: node
  linkType: hard

"has-property-descriptors@npm:^1.0.0":
  version: 1.0.0
  resolution: "has-property-descriptors@npm:1.0.0"
  dependencies:
    get-intrinsic: ^1.1.1
  checksum: a6d3f0a266d0294d972e354782e872e2fe1b6495b321e6ef678c9b7a06a40408a6891817350c62e752adced73a94ac903c54734fee05bf65b1905ee1368194bb
  languageName: node
  linkType: hard

"has-symbols@npm:^1.0.1, has-symbols@npm:^1.0.2, has-symbols@npm:^1.0.3":
  version: 1.0.3
  resolution: "has-symbols@npm:1.0.3"
  checksum: a054c40c631c0d5741a8285010a0777ea0c068f99ed43e5d6eb12972da223f8af553a455132fdb0801bdcfa0e0f443c0c03a68d8555aa529b3144b446c3f2410
  languageName: node
  linkType: hard

"has-tostringtag@npm:^1.0.0":
  version: 1.0.0
  resolution: "has-tostringtag@npm:1.0.0"
  dependencies:
    has-symbols: ^1.0.2
  checksum: cc12eb28cb6ae22369ebaad3a8ab0799ed61270991be88f208d508076a1e99abe4198c965935ce85ea90b60c94ddda73693b0920b58e7ead048b4a391b502c1c
  languageName: node
  linkType: hard

"has@npm:^1.0.3":
  version: 1.0.3
  resolution: "has@npm:1.0.3"
  dependencies:
    function-bind: ^1.1.1
  checksum: b9ad53d53be4af90ce5d1c38331e712522417d017d5ef1ebd0507e07c2fbad8686fffb8e12ddecd4c39ca9b9b47431afbb975b8abf7f3c3b82c98e9aad052792
  languageName: node
  linkType: hard

"ieee754@npm:^1.1.13":
  version: 1.2.1
  resolution: "ieee754@npm:1.2.1"
  checksum: 5144c0c9815e54ada181d80a0b810221a253562422e7c6c3a60b1901154184f49326ec239d618c416c1c5945a2e197107aee8d986a3dd836b53dffefd99b5e7e
  languageName: node
  linkType: hard

"inherits@npm:^2.0.1, inherits@npm:^2.0.3":
  version: 2.0.4
  resolution: "inherits@npm:2.0.4"
  checksum: 4a48a733847879d6cf6691860a6b1e3f0f4754176e4d71494c41f3475553768b10f84b5ce1d40fbd0e34e6bfbb864ee35858ad4dd2cf31e02fc4a154b724d7f1
  languageName: node
  linkType: hard

"internal-slot@npm:^1.0.3":
  version: 1.0.3
  resolution: "internal-slot@npm:1.0.3"
  dependencies:
    get-intrinsic: ^1.1.0
    has: ^1.0.3
    side-channel: ^1.0.4
  checksum: 1944f92e981e47aebc98a88ff0db579fd90543d937806104d0b96557b10c1f170c51fb777b97740a8b6ddeec585fca8c39ae99fd08a8e058dfc8ab70937238bf
  languageName: node
  linkType: hard

"is-arguments@npm:^1.0.4":
  version: 1.1.1
  resolution: "is-arguments@npm:1.1.1"
  dependencies:
    call-bind: ^1.0.2
    has-tostringtag: ^1.0.0
  checksum: 7f02700ec2171b691ef3e4d0e3e6c0ba408e8434368504bb593d0d7c891c0dbfda6d19d30808b904a6cb1929bca648c061ba438c39f296c2a8ca083229c49f27
  languageName: node
  linkType: hard

"is-bigint@npm:^1.0.1":
  version: 1.0.4
  resolution: "is-bigint@npm:1.0.4"
  dependencies:
    has-bigints: ^1.0.1
  checksum: c56edfe09b1154f8668e53ebe8252b6f185ee852a50f9b41e8d921cb2bed425652049fbe438723f6cb48a63ca1aa051e948e7e401e093477c99c84eba244f666
  languageName: node
  linkType: hard

"is-boolean-object@npm:^1.1.0":
  version: 1.1.2
  resolution: "is-boolean-object@npm:1.1.2"
  dependencies:
    call-bind: ^1.0.2
    has-tostringtag: ^1.0.0
  checksum: c03b23dbaacadc18940defb12c1c0e3aaece7553ef58b162a0f6bba0c2a7e1551b59f365b91e00d2dbac0522392d576ef322628cb1d036a0fe51eb466db67222
  languageName: node
  linkType: hard

"is-callable@npm:^1.1.4, is-callable@npm:^1.2.4":
  version: 1.2.4
  resolution: "is-callable@npm:1.2.4"
  checksum: 1a28d57dc435797dae04b173b65d6d1e77d4f16276e9eff973f994eadcfdc30a017e6a597f092752a083c1103cceb56c91e3dadc6692fedb9898dfaba701575f
  languageName: node
  linkType: hard

"is-date-object@npm:^1.0.1":
  version: 1.0.5
  resolution: "is-date-object@npm:1.0.5"
  dependencies:
    has-tostringtag: ^1.0.0
  checksum: baa9077cdf15eb7b58c79398604ca57379b2fc4cf9aa7a9b9e295278648f628c9b201400c01c5e0f7afae56507d741185730307cbe7cad3b9f90a77e5ee342fc
  languageName: node
  linkType: hard

"is-generator-function@npm:^1.0.7":
  version: 1.0.10
  resolution: "is-generator-function@npm:1.0.10"
  dependencies:
    has-tostringtag: ^1.0.0
  checksum: d54644e7dbaccef15ceb1e5d91d680eb5068c9ee9f9eb0a9e04173eb5542c9b51b5ab52c5537f5703e48d5fddfd376817c1ca07a84a407b7115b769d4bdde72b
  languageName: node
  linkType: hard

"is-negative-zero@npm:^2.0.2":
  version: 2.0.2
  resolution: "is-negative-zero@npm:2.0.2"
  checksum: f3232194c47a549da60c3d509c9a09be442507616b69454716692e37ae9f37c4dea264fb208ad0c9f3efd15a796a46b79df07c7e53c6227c32170608b809149a
  languageName: node
  linkType: hard

"is-number-object@npm:^1.0.4":
  version: 1.0.7
  resolution: "is-number-object@npm:1.0.7"
  dependencies:
    has-tostringtag: ^1.0.0
  checksum: d1e8d01bb0a7134c74649c4e62da0c6118a0bfc6771ea3c560914d52a627873e6920dd0fd0ebc0e12ad2ff4687eac4c308f7e80320b973b2c8a2c8f97a7524f7
  languageName: node
  linkType: hard

"is-regex@npm:^1.1.4":
  version: 1.1.4
  resolution: "is-regex@npm:1.1.4"
  dependencies:
    call-bind: ^1.0.2
    has-tostringtag: ^1.0.0
  checksum: 362399b33535bc8f386d96c45c9feb04cf7f8b41c182f54174c1a45c9abbbe5e31290bbad09a458583ff6bf3b2048672cdb1881b13289569a7c548370856a652
  languageName: node
  linkType: hard

"is-shared-array-buffer@npm:^1.0.2":
  version: 1.0.2
  resolution: "is-shared-array-buffer@npm:1.0.2"
  dependencies:
    call-bind: ^1.0.2
  checksum: 9508929cf14fdc1afc9d61d723c6e8d34f5e117f0bffda4d97e7a5d88c3a8681f633a74f8e3ad1fe92d5113f9b921dc5ca44356492079612f9a247efbce7032a
  languageName: node
  linkType: hard

"is-string@npm:^1.0.5, is-string@npm:^1.0.7":
  version: 1.0.7
  resolution: "is-string@npm:1.0.7"
  dependencies:
    has-tostringtag: ^1.0.0
  checksum: 323b3d04622f78d45077cf89aab783b2f49d24dc641aa89b5ad1a72114cfeff2585efc8c12ef42466dff32bde93d839ad321b26884cf75e5a7892a938b089989
  languageName: node
  linkType: hard

"is-symbol@npm:^1.0.2, is-symbol@npm:^1.0.3":
  version: 1.0.4
  resolution: "is-symbol@npm:1.0.4"
  dependencies:
    has-symbols: ^1.0.2
  checksum: 92805812ef590738d9de49d677cd17dfd486794773fb6fa0032d16452af46e9b91bb43ffe82c983570f015b37136f4b53b28b8523bfb10b0ece7a66c31a54510
  languageName: node
  linkType: hard

"is-typed-array@npm:^1.1.3, is-typed-array@npm:^1.1.7":
  version: 1.1.8
  resolution: "is-typed-array@npm:1.1.8"
  dependencies:
    available-typed-arrays: ^1.0.5
    call-bind: ^1.0.2
    es-abstract: ^1.18.5
    foreach: ^2.0.5
    has-tostringtag: ^1.0.0
  checksum: aa0f9f0716e19e2fb8aef69e69e4205479d25ace778e2339fc910948115cde4b0d9aff9d5d1e8b80f09a5664998278e05e54ad3dc9cb12cefcf86db71084ed00
  languageName: node
  linkType: hard

"is-weakref@npm:^1.0.2":
  version: 1.0.2
  resolution: "is-weakref@npm:1.0.2"
  dependencies:
    call-bind: ^1.0.2
  checksum: 95bd9a57cdcb58c63b1c401c60a474b0f45b94719c30f548c891860f051bc2231575c290a6b420c6bc6e7ed99459d424c652bd5bf9a1d5259505dc35b4bf83de
  languageName: node
  linkType: hard

"json-beautify@npm:^1.1.1":
  version: 1.1.1
  resolution: "json-beautify@npm:1.1.1"
  bin:
    json-beautify: ./bin/json-beautify
  checksum: 4d81bae69b310f789a16690097c7d303207b09e897a46e91dcf2beea1acffe05275248c099b88268e0a0a32ccf3dd12b529974cddc908844c081166117a93cad
  languageName: node
  linkType: hard

"minimalistic-assert@npm:^1.0.0":
  version: 1.0.1
  resolution: "minimalistic-assert@npm:1.0.1"
  checksum: cc7974a9268fbf130fb055aff76700d7e2d8be5f761fb5c60318d0ed010d839ab3661a533ad29a5d37653133385204c503bfac995aaa4236f4e847461ea32ba7
  languageName: node
  linkType: hard

"object-inspect@npm:^1.12.0, object-inspect@npm:^1.9.0":
  version: 1.12.0
  resolution: "object-inspect@npm:1.12.0"
  checksum: 2b36d4001a9c921c6b342e2965734519c9c58c355822243c3207fbf0aac271f8d44d30d2d570d450b2cc6f0f00b72bcdba515c37827d2560e5f22b1899a31cf4
  languageName: node
  linkType: hard

"object-keys@npm:^1.1.1":
  version: 1.1.1
  resolution: "object-keys@npm:1.1.1"
  checksum: b363c5e7644b1e1b04aa507e88dcb8e3a2f52b6ffd0ea801e4c7a62d5aa559affe21c55a07fd4b1fd55fc03a33c610d73426664b20032405d7b92a1414c34d6a
  languageName: node
  linkType: hard

"object.assign@npm:^4.1.2":
  version: 4.1.2
  resolution: "object.assign@npm:4.1.2"
  dependencies:
    call-bind: ^1.0.0
    define-properties: ^1.1.3
    has-symbols: ^1.0.1
    object-keys: ^1.1.1
  checksum: d621d832ed7b16ac74027adb87196804a500d80d9aca536fccb7ba48d33a7e9306a75f94c1d29cbfa324bc091bfc530bc24789568efdaee6a47fcfa298993814
  languageName: node
  linkType: hard

"redstone-smartweave@npm:^0.3.10-alpha.3":
  version: 0.3.10-alpha.19
  resolution: "redstone-smartweave@npm:0.3.10-alpha.19"
  dependencies:
    "@weavery/clarity": ^0.1.5
    arweave: ^1.10.16
    arweave-multihost: ^0.1.0
    axios: ^0.21.4
    bignumber.js: ^9.0.1
    bson: ^4.5.0
    json-beautify: ^1.1.1
    tslog: ^3.2.2
  checksum: c384d02ddf8450505e428f1ab22617f2fe78a1b0f468ef25fbad0b938bdf55c1956771d460338f5bfd07206602d364596830f551fd77bff2c29210c8931d63f5
  languageName: node
  linkType: hard

"safe-buffer@npm:^5.1.2":
  version: 5.2.1
  resolution: "safe-buffer@npm:5.2.1"
  checksum: b99c4b41fdd67a6aaf280fcd05e9ffb0813654894223afb78a31f14a19ad220bba8aba1cb14eddce1fcfb037155fe6de4e861784eb434f7d11ed58d1e70dd491
  languageName: node
  linkType: hard

"safer-buffer@npm:^2.1.0":
  version: 2.1.2
  resolution: "safer-buffer@npm:2.1.2"
  checksum: cab8f25ae6f1434abee8d80023d7e72b598cf1327164ddab31003c51215526801e40b66c5e65d658a0af1e9d6478cadcb4c745f4bd6751f97d8644786c0978b0
  languageName: node
  linkType: hard

"side-channel@npm:^1.0.4":
  version: 1.0.4
  resolution: "side-channel@npm:1.0.4"
  dependencies:
    call-bind: ^1.0.0
    get-intrinsic: ^1.0.2
    object-inspect: ^1.9.0
  checksum: 351e41b947079c10bd0858364f32bb3a7379514c399edb64ab3dce683933483fc63fb5e4efe0a15a2e8a7e3c436b6a91736ddb8d8c6591b0460a24bb4a1ee245
  languageName: node
  linkType: hard

"source-map-support@npm:^0.5.21":
  version: 0.5.21
  resolution: "source-map-support@npm:0.5.21"
  dependencies:
    buffer-from: ^1.0.0
    source-map: ^0.6.0
  checksum: 43e98d700d79af1d36f859bdb7318e601dfc918c7ba2e98456118ebc4c4872b327773e5a1df09b0524e9e5063bb18f0934538eace60cca2710d1fa687645d137
  languageName: node
  linkType: hard

"source-map@npm:^0.6.0":
  version: 0.6.1
  resolution: "source-map@npm:0.6.1"
  checksum: 59ce8640cf3f3124f64ac289012c2b8bd377c238e316fb323ea22fbfe83da07d81e000071d7242cad7a23cd91c7de98e4df8830ec3f133cb6133a5f6e9f67bc2
  languageName: node
  linkType: hard

"string.prototype.trimend@npm:^1.0.4":
  version: 1.0.4
  resolution: "string.prototype.trimend@npm:1.0.4"
  dependencies:
    call-bind: ^1.0.2
    define-properties: ^1.1.3
  checksum: 17e5aa45c3983f582693161f972c1c1fa4bbbdf22e70e582b00c91b6575f01680dc34e83005b98e31abe4d5d29e0b21fcc24690239c106c7b2315aade6a898ac
  languageName: node
  linkType: hard

"string.prototype.trimstart@npm:^1.0.4":
  version: 1.0.4
  resolution: "string.prototype.trimstart@npm:1.0.4"
  dependencies:
    call-bind: ^1.0.2
    define-properties: ^1.1.3
  checksum: 3fb06818d3cccac5fa3f5f9873d984794ca0e9f6616fae6fcc745885d9efed4e17fe15f832515d9af5e16c279857fdbffdfc489ca4ed577811b017721b30302f
  languageName: node
  linkType: hard

"tslog@npm:^3.2.2":
  version: 3.3.3
  resolution: "tslog@npm:3.3.3"
  dependencies:
    source-map-support: ^0.5.21
  checksum: ae84f4056865ad2d5a1f33d491387e4fd6c24642a08ccc29b8fcebce20784e94ef8b5863df5a5f85ec881125abc2b6b8b3aa022d2401a3716643332158346720
  languageName: node
  linkType: hard

"unbox-primitive@npm:^1.0.1":
  version: 1.0.1
  resolution: "unbox-primitive@npm:1.0.1"
  dependencies:
    function-bind: ^1.1.1
    has-bigints: ^1.0.1
    has-symbols: ^1.0.2
    which-boxed-primitive: ^1.0.2
  checksum: 89d950e18fb45672bc6b3c961f1e72c07beb9640c7ceed847b571ba6f7d2af570ae1a2584cfee268b9d9ea1e3293f7e33e0bc29eaeb9f8e8a0bab057ff9e6bba
  languageName: node
  linkType: hard

"util@npm:^0.12.4":
  version: 0.12.4
  resolution: "util@npm:0.12.4"
  dependencies:
    inherits: ^2.0.3
    is-arguments: ^1.0.4
    is-generator-function: ^1.0.7
    is-typed-array: ^1.1.3
    safe-buffer: ^5.1.2
    which-typed-array: ^1.1.2
  checksum: 8eac7a6e6b341c0f1b3eb73bbe5dfcae31a7e9699c8fc3266789f3e95f7637946a7700dcf1904dbd3749a58a36760ebf7acf4bb5b717f7468532a8a79f44eff0
  languageName: node
  linkType: hard

"which-boxed-primitive@npm:^1.0.2":
  version: 1.0.2
  resolution: "which-boxed-primitive@npm:1.0.2"
  dependencies:
    is-bigint: ^1.0.1
    is-boolean-object: ^1.1.0
    is-number-object: ^1.0.4
    is-string: ^1.0.5
    is-symbol: ^1.0.3
  checksum: 53ce774c7379071729533922adcca47220228405e1895f26673bbd71bdf7fb09bee38c1d6399395927c6289476b5ae0629863427fd151491b71c4b6cb04f3a5e
  languageName: node
  linkType: hard

"which-typed-array@npm:^1.1.2":
  version: 1.1.7
  resolution: "which-typed-array@npm:1.1.7"
  dependencies:
    available-typed-arrays: ^1.0.5
    call-bind: ^1.0.2
    es-abstract: ^1.18.5
    foreach: ^2.0.5
    has-tostringtag: ^1.0.0
    is-typed-array: ^1.1.7
  checksum: 147837cf5866e36b6b2e427731709e02f79f1578477cbde68ed773a5307520a6cb6836c73c79c30690a473266ee59010b83b6d9b25d8d677a40ff77fb37a8a84
  languageName: node
  linkType: hard
